
Microsoft Visual Studio Solution File, Format Version 12.00
# Visual Studio Version 17
VisualStudioVersion = 17.5.002.0
MinimumVisualStudioVersion = 10.0.40219.1
Project("{9A19103F-16F7-4668-BE54-9A1E7A4F7556}") = "ReceiveLogDirect", "ReceiveLogDirect.csproj", "{FE32131F-4356-443B-B290-03085FA49700}"
EndProject
Global
	GlobalSection(SolutionConfigurationPlatforms) = preSolution
		Debug|Any CPU = Debug|Any CPU
		Release|Any CPU = Release|Any CPU
	EndGlobalSection
	GlobalSection(ProjectConfigurationPlatforms) = postSolution
		{FE32131F-4356-443B-B290-03085FA49700}.Debug|Any CPU.ActiveCfg = Debug|Any CPU
		{FE32131F-4356-443B-B290-03085FA49700}.Debug|Any CPU.Build.0 = Debug|Any CPU
		{FE32131F-4356-443B-B290-03085FA49700}.Release|Any CPU.ActiveCfg = Release|Any CPU
		{FE32131F-4356-443B-B290-03085FA49700}.Release|Any CPU.Build.0 = Release|Any CPU
	EndGlobalSection
	GlobalSection(SolutionProperties) = preSolution
		HideSolutionNode = FALSE
	EndGlobalSection
	GlobalSection(ExtensibilityGlobals) = postSolution
		SolutionGuid = {BD121767-E238-40DD-8FF2-B632404FD793}
	EndGlobalSection
EndGlobal
